
Microsoft Visual Studio Solution File, Format Version 12.00
# Visual Studio 15
VisualStudioVersion = 15.0.28307.757
MinimumVisualStudioVersion = 10.0.40219.1
Project("{FAE04EC0-301F-11D3-BF4B-00C04F79EFBC}") = "WCFRestFul_Postulant", "WCFRestFul_Postulant\WCFRestFul_Postulant.csproj", "{3296E136-5EB3-4691-A258-08E2A611862F}"
EndProject
Global
	GlobalSection(SolutionConfigurationPlatforms) = preSolution
		Debug|Any CPU = Debug|Any CPU
		Release|Any CPU = Release|Any CPU
	EndGlobalSection
	GlobalSection(ProjectConfigurationPlatforms) = postSolution
		{3296E136-5EB3-4691-A258-08E2A611862F}.Debug|Any CPU.ActiveCfg = Debug|Any CPU
		{3296E136-5EB3-4691-A258-08E2A611862F}.Debug|Any CPU.Build.0 = Debug|Any CPU
		{3296E136-5EB3-4691-A258-08E2A611862F}.Release|Any CPU.ActiveCfg = Release|Any CPU
		{3296E136-5EB3-4691-A258-08E2A611862F}.Release|Any CPU.Build.0 = Release|Any CPU
	EndGlobalSection
	GlobalSection(SolutionProperties) = preSolution
		HideSolutionNode = FALSE
	EndGlobalSection
	GlobalSection(ExtensibilityGlobals) = postSolution
		SolutionGuid = {4A79E9AF-1645-47A5-A853-63CC528A69A6}
	EndGlobalSection
EndGlobal
